<?xml version="1.0" encoding="utf-8"?>
<Project ToolsVersion="4.0" xmlns="http://schemas.microsoft.com/developer/msbuild/2003">
  <ItemGroup>
    <Filter Include="Ancestor">
      <UniqueIdentifier>{04DF437A-F0AB-9E85-19C5-8C2D05F1D313}</UniqueIdentifier>
    </Filter>
    <Filter Include="Ancestor\Events">
      <UniqueIdentifier>{68FECFC5-D489-3D8A-DD9A-C07E49A5998A}</UniqueIdentifier>
    </Filter>
  </ItemGroup>
  <ItemGroup>
    <ClInclude Include="src\Ancestor.h" />
    <ClInclude Include="src\Ancestor\Application.h">
      <Filter>Ancestor</Filter>
    </ClInclude>
    <ClInclude Include="src\Ancestor\Core.h">
      <Filter>Ancestor</Filter>
    </ClInclude>
    <ClInclude Include="src\Ancestor\EntryPoint.h">
      <Filter>Ancestor</Filter>
    </ClInclude>
    <ClInclude Include="src\Ancestor\Events\ApplicationEvent.h">
      <Filter>Ancestor\Events</Filter>
    </ClInclude>
    <ClInclude Include="src\Ancestor\Events\Event.h">
      <Filter>Ancestor\Events</Filter>
    </ClInclude>
    <ClInclude Include="src\Ancestor\Events\KeyEvent.h">
      <Filter>Ancestor\Events</Filter>
    </ClInclude>
    <ClInclude Include="src\Ancestor\Events\MouseEvent.h">
      <Filter>Ancestor\Events</Filter>
    </ClInclude>
    <ClInclude Include="src\Ancestor\Log.h">
      <Filter>Ancestor</Filter>
    </ClInclude>
    <ClInclude Include="src\acpch.h" />
    <ClInclude Include="src\Ancestor\Window.h" />
    <ClInclude Include="src\Platform\Windows\WindowsWindow.h" />
  </ItemGroup>
  <ItemGroup>
    <ClCompile Include="src\Ancestor\Application.cpp">
      <Filter>Ancestor</Filter>
    </ClCompile>
    <ClCompile Include="src\Ancestor\Log.cpp">
      <Filter>Ancestor</Filter>
    </ClCompile>
    <ClCompile Include="src\acpch.cpp" />
    <ClCompile Include="src\Platform\Windows\WindowsWindow.cpp" />
  </ItemGroup>
</Project>